
Microsoft Visual Studio Solution File, Format Version 12.00
# Visual Studio Version 16
VisualStudioVersion = 16.0.30611.23
MinimumVisualStudioVersion = 10.0.40219.1
Project("{9A19103F-16F7-4668-BE54-9A1E7A4F7556}") = "MedicineAssistant.Infrastructure", "MedicineAssistant.Infrastructure\MedicineAssistant.Infrastructure.csproj", "{FEDCB9BD-FBF8-4640-AD5F-211C7D7686B1}"
EndProject
Project("{9A19103F-16F7-4668-BE54-9A1E7A4F7556}") = "MedicineAssistant.Web", "MedicineAssistant.Web\MedicineAssistant.Web.csproj", "{A197E99D-59CD-4D89-BCEA-E438A672CD5C}"
EndProject
Project("{9A19103F-16F7-4668-BE54-9A1E7A4F7556}") = "MedicineAssistant.Domain", "MedicineAssistant.Domain\MedicineAssistant.Domain.csproj", "{B35CDFBA-52E6-41FC-ADC3-ADEB27433762}"
EndProject
Project("{9A19103F-16F7-4668-BE54-9A1E7A4F7556}") = "MedicineAssistant.Application", "MedicineAssistant.Application\MedicineAssistant.Application.csproj", "{AA66FBBE-380E-47B0-AF0F-9BDB12634DA9}"
EndProject
Global
	GlobalSection(SolutionConfigurationPlatforms) = preSolution
		Debug|Any CPU = Debug|Any CPU
		Release|Any CPU = Release|Any CPU
	EndGlobalSection
	GlobalSection(ProjectConfigurationPlatforms) = postSolution
		{FEDCB9BD-FBF8-4640-AD5F-211C7D7686B1}.Debug|Any CPU.ActiveCfg = Debug|Any CPU
		{FEDCB9BD-FBF8-4640-AD5F-211C7D7686B1}.Debug|Any CPU.Build.0 = Debug|Any CPU
		{FEDCB9BD-FBF8-4640-AD5F-211C7D7686B1}.Release|Any CPU.ActiveCfg = Release|Any CPU
		{FEDCB9BD-FBF8-4640-AD5F-211C7D7686B1}.Release|Any CPU.Build.0 = Release|Any CPU
		{A197E99D-59CD-4D89-BCEA-E438A672CD5C}.Debug|Any CPU.ActiveCfg = Debug|Any CPU
		{A197E99D-59CD-4D89-BCEA-E438A672CD5C}.Debug|Any CPU.Build.0 = Debug|Any CPU
		{A197E99D-59CD-4D89-BCEA-E438A672CD5C}.Release|Any CPU.ActiveCfg = Release|Any CPU
		{A197E99D-59CD-4D89-BCEA-E438A672CD5C}.Release|Any CPU.Build.0 = Release|Any CPU
		{B35CDFBA-52E6-41FC-ADC3-ADEB27433762}.Debug|Any CPU.ActiveCfg = Debug|Any CPU
		{B35CDFBA-52E6-41FC-ADC3-ADEB27433762}.Debug|Any CPU.Build.0 = Debug|Any CPU
		{B35CDFBA-52E6-41FC-ADC3-ADEB27433762}.Release|Any CPU.ActiveCfg = Release|Any CPU
		{B35CDFBA-52E6-41FC-ADC3-ADEB27433762}.Release|Any CPU.Build.0 = Release|Any CPU
		{AA66FBBE-380E-47B0-AF0F-9BDB12634DA9}.Debug|Any CPU.ActiveCfg = Debug|Any CPU
		{AA66FBBE-380E-47B0-AF0F-9BDB12634DA9}.Debug|Any CPU.Build.0 = Debug|Any CPU
		{AA66FBBE-380E-47B0-AF0F-9BDB12634DA9}.Release|Any CPU.ActiveCfg = Release|Any CPU
		{AA66FBBE-380E-47B0-AF0F-9BDB12634DA9}.Release|Any CPU.Build.0 = Release|Any CPU
	EndGlobalSection
	GlobalSection(SolutionProperties) = preSolution
		HideSolutionNode = FALSE
	EndGlobalSection
	GlobalSection(ExtensibilityGlobals) = postSolution
		SolutionGuid = {C1FACC9C-EC15-4CC8-B41A-1C4A03936BAF}
	EndGlobalSection
EndGlobal
